{
  "version": 4,
  "terraform_version": "0.12.3",
  "serial": 66,
  "lineage": "87a3d15a-2768-3f05-1b6a-898e10081934",
  "outputs": {},
  "resources": [
    {
      "mode": "managed",
      "type": "google_compute_firewall",
      "name": "default",
      "provider": "provider.google",
      "instances": [
        {
          "schema_version": 1,
          "attributes": {
            "allow": [
              {
                "ports": [
                  "22"
                ],
                "protocol": "tcp"
              },
              {
                "ports": [],
                "protocol": "icmp"
              }
            ],
            "creation_timestamp": "2019-07-11T06:07:27.038-07:00",
            "deny": [],
            "description": "",
            "destination_ranges": [],
            "direction": "INGRESS",
            "disabled": false,
            "id": "pool-manager-firewall",
            "name": "pool-manager-firewall",
            "network": "https://www.googleapis.com/compute/v1/projects/terraform-mean-app-1562834068/global/networks/default",
            "priority": 1000,
            "project": "terraform-mean-app-1562834068",
            "self_link": "https://www.googleapis.com/compute/v1/projects/terraform-mean-app-1562834068/global/firewalls/pool-manager-firewall",
            "source_ranges": [
              "0.0.0.0/0"
            ],
            "source_service_accounts": null,
            "source_tags": null,
            "target_service_accounts": null,
            "target_tags": [
              "pool-manager"
            ],
            "timeouts": null
          },
          "private": "eyJlMmJmYjczMC1lY2FhLTExZTYtOGY4OC0zNDM2M2JjN2M0YzAiOnsiY3JlYXRlIjoyNDAwMDAwMDAwMDAsImRlbGV0ZSI6MjQwMDAwMDAwMDAwLCJ1cGRhdGUiOjI0MDAwMDAwMDAwMH0sInNjaGVtYV92ZXJzaW9uIjoiMSJ9"
        }
      ]
    },
    {
      "mode": "managed",
      "type": "google_compute_instance",
      "name": "default",
      "provider": "provider.google",
      "instances": [
        {
          "status": "tainted",
          "schema_version": 6,
          "attributes": {
            "allow_stopping_for_update": null,
            "attached_disk": [],
            "boot_disk": [
              {
                "auto_delete": true,
                "device_name": "persistent-disk-0",
                "disk_encryption_key_raw": "",
                "disk_encryption_key_sha256": "",
                "initialize_params": [
                  {
                    "image": "https://www.googleapis.com/compute/v1/projects/ubuntu-os-cloud/global/images/ubuntu-1804-bionic-v20190628",
                    "size": 10,
                    "type": "pd-standard"
                  }
                ],
                "kms_key_self_link": "",
                "source": "https://www.googleapis.com/compute/v1/projects/terraform-mean-app-1562834068/zones/europe-west2-c/disks/pool-manager"
              }
            ],
            "can_ip_forward": false,
            "cpu_platform": "Intel Broadwell",
            "deletion_protection": false,
            "description": null,
            "disk": [],
            "guest_accelerator": [],
            "hostname": "",
            "id": "pool-manager",
            "instance_id": "5123580963368635007",
            "label_fingerprint": "42WmSpB8rSM=",
            "labels": null,
            "machine_type": "f1-micro",
            "metadata": {
              "sshKeys": "johnny_peckover:ssh-rsa AAAAB3NzaC1yc2EAAAADAQABAAABAQDSk+TUsyTJMcrhjsDDtC5nhIw6cPMvTqqcKLVW+sKIMGgjrdNjm2Ewh04p5c7TlIgYPT9H+uhf7Ly4wKn5H3kuyPuI9wtEWwJtiS2rlonhRIgGjpit3YohwQJi5oPZMiI3ZNacHMt1VM79WG/Qg/VrLLLanu/zUroQv6ksjHJfdP2dEGa2hfWFEdntewkQ6ivc+EiJC7CcnsNGPK9EFNxxOX/hA53pz6+aiHdeI2Yc1wI1BFiPQM+OE3rRneYdFOXh8CSbZWrJ6Aj9ASZXA+xvgwUjHTrYbgVOy49Q9pg4T76IAKPuu6z4Mv6SgfgD8DpGqI+naIXl3MsV3bubnDh/ johnny_peckover@mean-project-terraform\n"
            },
            "metadata_fingerprint": "Mz_hPD6vFZU=",
            "metadata_startup_script": "",
            "min_cpu_platform": "",
            "name": "pool-manager",
            "network_interface": [
              {
                "access_config": [
                  {
                    "assigned_nat_ip": "",
                    "nat_ip": "35.189.89.157",
                    "network_tier": "PREMIUM",
                    "public_ptr_domain_name": ""
                  }
                ],
                "address": "",
                "alias_ip_range": [],
                "name": "nic0",
                "network": "https://www.googleapis.com/compute/v1/projects/terraform-mean-app-1562834068/global/networks/default",
                "network_ip": "10.154.0.22",
                "subnetwork": "https://www.googleapis.com/compute/v1/projects/terraform-mean-app-1562834068/regions/europe-west2/subnetworks/default",
                "subnetwork_project": "terraform-mean-app-1562834068"
              }
            ],
            "project": "terraform-mean-app-1562834068",
            "scheduling": [
              {
                "automatic_restart": true,
                "node_affinities": [],
                "on_host_maintenance": "MIGRATE",
                "preemptible": false
              }
            ],
            "scratch_disk": [],
            "self_link": "https://www.googleapis.com/compute/v1/projects/terraform-mean-app-1562834068/zones/europe-west2-c/instances/pool-manager",
            "service_account": [],
            "shielded_instance_config": [],
            "tags": [
              "pool-manager"
            ],
            "tags_fingerprint": "EwtI5-OxNgw=",
            "timeouts": null,
            "zone": "europe-west2-c"
          },
          "private": "eyJlMmJmYjczMC1lY2FhLTExZTYtOGY4OC0zNDM2M2JjN2M0YzAiOnsiY3JlYXRlIjoxMjAwMDAwMDAwMDAwLCJkZWxldGUiOjEyMDAwMDAwMDAwMDAsInVwZGF0ZSI6MTIwMDAwMDAwMDAwMH0sInNjaGVtYV92ZXJzaW9uIjoiNiJ9"
        }
      ]
    }
  ]
}
