
An execution plan has been generated and is shown below.
Resource actions are indicated with the following symbols:
  [32m+[0m create
[0m
Terraform will perform the following actions:

[1m  # google_compute_firewall.default[0m will be created[0m[0m
[0m[32m  +[0m [0mresource "google_compute_firewall" "default" {
      [32m+[0m [0m[1m[0mcreation_timestamp[0m[0m = (known after apply)
      [32m+[0m [0m[1m[0mdestination_ranges[0m[0m = (known after apply)
      [32m+[0m [0m[1m[0mdirection[0m[0m          = (known after apply)
      [32m+[0m [0m[1m[0mid[0m[0m                 = (known after apply)
      [32m+[0m [0m[1m[0mname[0m[0m               = "pool-manager-vm-firewall"
      [32m+[0m [0m[1m[0mnetwork[0m[0m            = "default"
      [32m+[0m [0m[1m[0mpriority[0m[0m           = 1000
      [32m+[0m [0m[1m[0mproject[0m[0m            = (known after apply)
      [32m+[0m [0m[1m[0mself_link[0m[0m          = (known after apply)
      [32m+[0m [0m[1m[0msource_ranges[0m[0m      = [
          [32m+[0m [0m"0.0.0.0/0",
        ]
      [32m+[0m [0m[1m[0mtarget_tags[0m[0m        = [
          [32m+[0m [0m"pool-manager-vm",
        ]

      [32m+[0m [0mallow {
          [32m+[0m [0m[1m[0mports[0m[0m    = [
              [32m+[0m [0m"22",
            ]
          [32m+[0m [0m[1m[0mprotocol[0m[0m = "tcp"
        }
      [32m+[0m [0mallow {
          [32m+[0m [0m[1m[0mports[0m[0m    = []
          [32m+[0m [0m[1m[0mprotocol[0m[0m = "icmp"
        }
    }

[1m  # google_compute_instance.default[0m will be created[0m[0m
[0m[32m  +[0m [0mresource "google_compute_instance" "default" {
      [32m+[0m [0m[1m[0mcan_ip_forward[0m[0m       = false
      [32m+[0m [0m[1m[0mcpu_platform[0m[0m         = (known after apply)
      [32m+[0m [0m[1m[0mdeletion_protection[0m[0m  = false
      [32m+[0m [0m[1m[0mguest_accelerator[0m[0m    = (known after apply)
      [32m+[0m [0m[1m[0mid[0m[0m                   = (known after apply)
      [32m+[0m [0m[1m[0minstance_id[0m[0m          = (known after apply)
      [32m+[0m [0m[1m[0mlabel_fingerprint[0m[0m    = (known after apply)
      [32m+[0m [0m[1m[0mmachine_type[0m[0m         = "f1-micro"
      [32m+[0m [0m[1m[0mmetadata[0m[0m             = {
          [32m+[0m [0m"sshKeys" = "johnny_peckover:ssh-rsa AAAAB3NzaC1yc2EAAAADAQABAAABAQDSk+TUsyTJMcrhjsDDtC5nhIw6cPMvTqqcKLVW+sKIMGgjrdNjm2Ewh04p5c7TlIgYPT9H+uhf7Ly4wKn5H3kuyPuI9wtEWwJtiS2rlonhRIgGjpit3YohwQJi5oPZMiI3ZNacHMt1VM79WG/Qg/VrLLLanu/zUroQv6ksjHJfdP2dEGa2hfWFEdntewkQ6ivc+EiJC7CcnsNGPK9EFNxxOX/hA53pz6+aiHdeI2Yc1wI1BFiPQM+OE3rRneYdFOXh8CSbZWrJ6Aj9ASZXA+xvgwUjHTrYbgVOy49Q9pg4T76IAKPuu6z4Mv6SgfgD8DpGqI+naIXl3MsV3bubnDh/ johnny_peckover@mean-project-terraform\n"
        }
      [32m+[0m [0m[1m[0mmetadata_fingerprint[0m[0m = (known after apply)
      [32m+[0m [0m[1m[0mname[0m[0m                 = "pool-manager-vm"
      [32m+[0m [0m[1m[0mproject[0m[0m              = (known after apply)
      [32m+[0m [0m[1m[0mself_link[0m[0m            = (known after apply)
      [32m+[0m [0m[1m[0mtags[0m[0m                 = [
          [32m+[0m [0m"pool-manager-vm",
        ]
      [32m+[0m [0m[1m[0mtags_fingerprint[0m[0m     = (known after apply)
      [32m+[0m [0m[1m[0mzone[0m[0m                 = "europe-west2-c"

      [32m+[0m [0mboot_disk {
          [32m+[0m [0m[1m[0mauto_delete[0m[0m                = true
          [32m+[0m [0m[1m[0mdevice_name[0m[0m                = (known after apply)
          [32m+[0m [0m[1m[0mdisk_encryption_key_sha256[0m[0m = (known after apply)
          [32m+[0m [0m[1m[0msource[0m[0m                     = (known after apply)

          [32m+[0m [0minitialize_params {
              [32m+[0m [0m[1m[0mimage[0m[0m = "ubuntu-1804-lts"
              [32m+[0m [0m[1m[0msize[0m[0m  = (known after apply)
              [32m+[0m [0m[1m[0mtype[0m[0m  = (known after apply)
            }
        }

      [32m+[0m [0mnetwork_interface {
          [32m+[0m [0m[1m[0maddress[0m[0m            = (known after apply)
          [32m+[0m [0m[1m[0mname[0m[0m               = (known after apply)
          [32m+[0m [0m[1m[0mnetwork[0m[0m            = "default"
          [32m+[0m [0m[1m[0mnetwork_ip[0m[0m         = (known after apply)
          [32m+[0m [0m[1m[0msubnetwork[0m[0m         = (known after apply)
          [32m+[0m [0m[1m[0msubnetwork_project[0m[0m = (known after apply)

          [32m+[0m [0maccess_config {
              [32m+[0m [0m[1m[0massigned_nat_ip[0m[0m = (known after apply)
              [32m+[0m [0m[1m[0mnat_ip[0m[0m          = (known after apply)
              [32m+[0m [0m[1m[0mnetwork_tier[0m[0m    = (known after apply)
            }
        }

      [32m+[0m [0mscheduling {
          [32m+[0m [0m[1m[0mautomatic_restart[0m[0m   = (known after apply)
          [32m+[0m [0m[1m[0mon_host_maintenance[0m[0m = (known after apply)
          [32m+[0m [0m[1m[0mpreemptible[0m[0m         = (known after apply)

          [32m+[0m [0mnode_affinities {
              [32m+[0m [0m[1m[0mkey[0m[0m      = (known after apply)
              [32m+[0m [0m[1m[0moperator[0m[0m = (known after apply)
              [32m+[0m [0m[1m[0mvalues[0m[0m   = (known after apply)
            }
        }
    }

[0m[1mPlan:[0m 2 to add, 0 to change, 0 to destroy.[0m

[0m[1mDo you want to perform these actions?[0m
  Terraform will perform the actions described above.
  Only 'yes' will be accepted to approve.

  [1mEnter a value:[0m [0m
[0m[1mgoogle_compute_instance.default: Creating...[0m[0m
[0m[1mgoogle_compute_firewall.default: Creating...[0m[0m
[0m[1mgoogle_compute_instance.default: Still creating... [10s elapsed][0m[0m
[0m[1mgoogle_compute_firewall.default: Still creating... [10s elapsed][0m[0m
[0m[1mgoogle_compute_instance.default: Provisioning with 'remote-exec'...[0m[0m
[0m[0mgoogle_compute_instance.default (remote-exec): Connecting to remote host via SSH...
google_compute_instance.default (remote-exec):   Host: 35.189.104.95
google_compute_instance.default (remote-exec):   User: johnny_peckover
google_compute_instance.default (remote-exec):   Password: false
google_compute_instance.default (remote-exec):   Private key: true
google_compute_instance.default (remote-exec):   Certificate: false
google_compute_instance.default (remote-exec):   SSH Agent: true
google_compute_instance.default (remote-exec):   Checking Host Key: false
[0m[1mgoogle_compute_firewall.default: Creation complete after 17s [id=pool-manager-vm-firewall][0m[0m
[0m[1mgoogle_compute_instance.default: Still creating... [20s elapsed][0m[0m
[0m[0mgoogle_compute_instance.default (remote-exec): Connecting to remote host via SSH...
google_compute_instance.default (remote-exec):   Host: 35.189.104.95
google_compute_instance.default (remote-exec):   User: johnny_peckover
google_compute_instance.default (remote-exec):   Password: false
google_compute_instance.default (remote-exec):   Private key: true
google_compute_instance.default (remote-exec):   Certificate: false
google_compute_instance.default (remote-exec):   SSH Agent: true
google_compute_instance.default (remote-exec):   Checking Host Key: false
[0m[1mgoogle_compute_instance.default: Still creating... [30s elapsed][0m[0m
[0m[0mgoogle_compute_instance.default (remote-exec): Connecting to remote host via SSH...
google_compute_instance.default (remote-exec):   Host: 35.189.104.95
google_compute_instance.default (remote-exec):   User: johnny_peckover
google_compute_instance.default (remote-exec):   Password: false
google_compute_instance.default (remote-exec):   Private key: true
google_compute_instance.default (remote-exec):   Certificate: false
google_compute_instance.default (remote-exec):   SSH Agent: true
google_compute_instance.default (remote-exec):   Checking Host Key: false
[0m[1mgoogle_compute_instance.default: Still creating... [40s elapsed][0m[0m
[0m[0mgoogle_compute_instance.default (remote-exec): Connecting to remote host via SSH...
google_compute_instance.default (remote-exec):   Host: 35.189.104.95
google_compute_instance.default (remote-exec):   User: johnny_peckover
google_compute_instance.default (remote-exec):   Password: false
google_compute_instance.default (remote-exec):   Private key: true
google_compute_instance.default (remote-exec):   Certificate: false
google_compute_instance.default (remote-exec):   SSH Agent: true
google_compute_instance.default (remote-exec):   Checking Host Key: false
[0m[0mgoogle_compute_instance.default (remote-exec): Connecting to remote host via SSH...
google_compute_instance.default (remote-exec):   Host: 35.189.104.95
google_compute_instance.default (remote-exec):   User: johnny_peckover
google_compute_instance.default (remote-exec):   Password: false
google_compute_instance.default (remote-exec):   Private key: true
google_compute_instance.default (remote-exec):   Certificate: false
google_compute_instance.default (remote-exec):   SSH Agent: true
google_compute_instance.default (remote-exec):   Checking Host Key: false
[0m[1mgoogle_compute_instance.default: Still creating... [50s elapsed][0m[0m
[0m[0mgoogle_compute_instance.default (remote-exec): Connected!
[0m[0mgoogle_compute_instance.default (remote-exec): [33m
google_compute_instance.default (remote-exec): 0% [Working][0m
google_compute_instance.default (remote-exec): Get:1 http://archive.canonical.com/ubuntu bionic InRelease [10.2 kB]
[0m[0mgoogle_compute_instance.default (remote-exec): [33m
google_compute_instance.default (remote-exec): 0% [Connecting to archive.ubuntu.com] [[0m[33m
google_compute_instance.default (remote-exec): 0% [1 InRelease gpgv 10.2 kB] [Connecti[0m
[0m[0mgoogle_compute_instance.default (remote-exec): Get:2 http://security.ubuntu.com/ubuntu bionic-security InRelease [88.7 kB]
[0m[0mgoogle_compute_instance.default (remote-exec): [33m
google_compute_instance.default (remote-exec): 0% [1 InRelease gpgv 10.2 kB] [Waiting [0m
google_compute_instance.default (remote-exec): Hit:3 http://archive.ubuntu.com/ubuntu bionic InRelease
[0m[0mgoogle_compute_instance.default (remote-exec): [33m
google_compute_instance.default (remote-exec): 0% [1 InRelease gpgv 10.2 kB] [Waiting [0m
google_compute_instance.default (remote-exec): Get:4 http://archive.ubuntu.com/ubuntu bionic-updates InRelease [88.7 kB]
[0m[0mgoogle_compute_instance.default (remote-exec): [33m
google_compute_instance.default (remote-exec): 0% [1 InRelease gpgv 10.2 kB] [4 InRele[0m
[0m[0mgoogle_compute_instance.default (remote-exec): [33m
google_compute_instance.default (remote-exec): 0% [1 InRelease gpgv 10.2 kB] [4 InRele[0m[33m
google_compute_instance.default (remote-exec): 0% [1 InRelease gpgv 10.2 kB] [Waiting [0m[33m
google_compute_instance.default (remote-exec): 0% [Waiting for headers][0m[33m
google_compute_instance.default (remote-exec): 0% [3 InRelease gpgv 242 kB] [Waiting f[0m
google_compute_instance.default (remote-exec): Get:5 http://archive.canonical.com/ubuntu bionic/partner amd64 Packages [2320 B]
[0m[0mgoogle_compute_instance.default (remote-exec): [33m
google_compute_instance.default (remote-exec): 0% [3 InRelease gpgv 242 kB] [Waiting f[0m
google_compute_instance.default (remote-exec): Get:6 http://archive.canonical.com/ubuntu bionic/partner Translation-en [1276 B]
[0m[0mgoogle_compute_instance.default (remote-exec): [33m
google_compute_instance.default (remote-exec): 0% [3 InRelease gpgv 242 kB] [Waiting f[0m[33m
google_compute_instance.default (remote-exec): 0% [5 Packages store 0 B] [3 InRelease [0m[33m
google_compute_instance.default (remote-exec): 0% [3 InRelease gpgv 242 kB] [Waiting f[0m[33m
google_compute_instance.default (remote-exec): 0% [6 Translation-en store 0 B] [3 InRe[0m
google_compute_instance.default (remote-exec): Get:7 http://archive.ubuntu.com/ubuntu bionic-backports InRelease [74.6 kB]
[0m[0mgoogle_compute_instance.default (remote-exec): [33m
google_compute_instance.default (remote-exec): 0% [6 Translation-en store 0 B] [3 InRe[0m[33m
google_compute_instance.default (remote-exec): 0% [3 InRelease gpgv 242 kB] [7 InRelea[0m[33m
google_compute_instance.default (remote-exec): 0% [3 InRelease gpgv 242 kB][0m
[0m[0mgoogle_compute_instance.default (remote-exec): [33m
google_compute_instance.default (remote-exec): 0% [Working][0m[33m
google_compute_instance.default (remote-exec): 0% [2 InRelease gpgv 88.7 kB] [Waiting [0m
google_compute_instance.default (remote-exec): Get:8 http://archive.ubuntu.com/ubuntu bionic/universe amd64 Packages [8570 kB]
[0m[0mgoogle_compute_instance.default (remote-exec): [33m
google_compute_instance.default (remote-exec): 0% [2 InRelease gpgv 88.7 kB] [8 Packag[0m[33m
google_compute_instance.default (remote-exec): 0% [8 Packages 147 kB/8570 kB 2%][0m[33m
google_compute_instance.default (remote-exec): 0% [4 InRelease gpgv 88.7 kB] [8 Packag[0m
google_compute_instance.default (remote-exec): Get:9 http://security.ubuntu.com/ubuntu bionic-security/main amd64 Packages [450 kB]
[0m[0mgoogle_compute_instance.default (remote-exec): [33m
google_compute_instance.default (remote-exec): 0% [4 InRelease gpgv 88.7 kB] [8 Packag[0m
[0m[0mgoogle_compute_instance.default (remote-exec): [33m
google_compute_instance.default (remote-exec): 0% [4 InRelease gpgv 88.7 kB] [8 Packag[0m
[0m[0mgoogle_compute_instance.default (remote-exec): [33m
google_compute_instance.default (remote-exec): 0% [4 InRelease gpgv 88.7 kB] [8 Packag[0m
[0m[0mgoogle_compute_instance.default (remote-exec): [33m
google_compute_instance.default (remote-exec): 0% [9 Packages store 0 B] [4 InRelease [0m
[0m[0mgoogle_compute_instance.default (remote-exec): Get:10 http://security.ubuntu.com/ubuntu bionic-security/main Translation-en [156 kB]
[0m[0mgoogle_compute_instance.default (remote-exec): [33m
google_compute_instance.default (remote-exec): 0% [9 Packages store 0 B] [4 InRelease [0m[33m
google_compute_instance.default (remote-exec): 0% [9 Packages store 0 B] [4 InRelease [0m
google_compute_instance.default (remote-exec): Get:11 http://security.ubuntu.com/ubuntu bionic-security/universe amd64 Packages [570 kB]
[0m[0mgoogle_compute_instance.default (remote-exec): [33m
google_compute_instance.default (remote-exec): 0% [9 Packages store 0 B] [4 InRelease [0m
[0m[0mgoogle_compute_instance.default (remote-exec): Get:12 http://security.ubuntu.com/ubuntu bionic-security/universe Translation-en [185 kB]
[0m[0mgoogle_compute_instance.default (remote-exec): [33m
google_compute_instance.default (remote-exec): 0% [9 Packages store 0 B] [4 InRelease [0m[33m
google_compute_instance.default (remote-exec): 0% [9 Packages store 0 B] [4 InRelease [0m
google_compute_instance.default (remote-exec): Get:13 http://security.ubuntu.com/ubuntu bionic-security/multiverse amd64 Packages [4008 B]
[0m[0mgoogle_compute_instance.default (remote-exec): [33m
google_compute_instance.default (remote-exec): 0% [9 Packages store 0 B] [4 InRelease [0m
google_compute_instance.default (remote-exec): Get:14 http://security.ubuntu.com/ubuntu bionic-security/multiverse Translation-en [2060 B]
[0m[0mgoogle_compute_instance.default (remote-exec): [33m
google_compute_instance.default (remote-exec): 0% [9 Packages store 0 B] [4 InRelease [0m[33m
google_compute_instance.default (remote-exec): 0% [9 Packages store 0 B] [4 InRelease [0m
[0m[0mgoogle_compute_instance.default (remote-exec): [33m
google_compute_instance.default (remote-exec): 0% [9 Packages store 0 B] [8 Packages 7[0m
[0m[0mgoogle_compute_instance.default (remote-exec): [33m
google_compute_instance.default (remote-exec): 0% [9 Packages store 0 B] [7 InRelease [0m
[0m[0mgoogle_compute_instance.default (remote-exec): [33m
google_compute_instance.default (remote-exec): 0% [9 Packages store 0 B] [7 InRelease [0m
[0m[0mgoogle_compute_instance.default (remote-exec): [33m
google_compute_instance.default (remote-exec): 0% [7 InRelease gpgv 74.6 kB] [8 Packag[0m[33m
google_compute_instance.default (remote-exec): 0% [10 Translation-en store 0 B] [7 InR[0m[33m
google_compute_instance.default (remote-exec): 0% [10 Translation-en store 0 B] [7 InR[0m
[0m[0mgoogle_compute_instance.default (remote-exec): Get:15 http://archive.ubuntu.com/ubuntu bionic/universe Translation-en [4941 kB]
[0m[0mgoogle_compute_instance.default (remote-exec): [33m
google_compute_instance.default (remote-exec): 0% [10 Translation-en store 0 B] [7 InR[0m
[0m[0mgoogle_compute_instance.default (remote-exec): [33m
google_compute_instance.default (remote-exec): 0% [10 Translation-en store 0 B] [7 InR[0m[33m
google_compute_instance.default (remote-exec): 0% [7 InRelease gpgv 74.6 kB] [15 Trans[0m[33m
google_compute_instance.default (remote-exec): 0% [11 Packages store 0 B] [7 InRelease[0m
[0m[0mgoogle_compute_instance.default (remote-exec): [33m
google_compute_instance.default (remote-exec): 0% [11 Packages store 0 B] [7 InRelease[0m
[0m[0mgoogle_compute_instance.default (remote-exec): [33m
google_compute_instance.default (remote-exec): 0% [11 Packages store 0 B] [7 InRelease[0m
[0m[0mgoogle_compute_instance.default (remote-exec): [33m
google_compute_instance.default (remote-exec): 0% [11 Packages store 0 B] [7 InRelease[0m
google_compute_instance.default (remote-exec): Get:16 http://archive.ubuntu.com/ubuntu bionic/multiverse amd64 Packages [151 kB]
[0m[0mgoogle_compute_instance.default (remote-exec): Get:17 http://archive.ubuntu.com/ubuntu bionic/multiverse Translation-en [108 kB]
[0m[0mgoogle_compute_instance.default (remote-exec): [33m
google_compute_instance.default (remote-exec): 0% [11 Packages store 0 B] [7 InRelease[0m[33m
google_compute_instance.default (remote-exec): 0% [11 Packages store 0 B] [7 InRelease[0m
google_compute_instance.default (remote-exec): Get:18 http://archive.ubuntu.com/ubuntu bionic-updates/main amd64 Packages [682 kB]
[0m[0mgoogle_compute_instance.default (remote-exec): [33m
google_compute_instance.default (remote-exec): 0% [11 Packages store 0 B] [7 InRelease[0m
[0m[0mgoogle_compute_instance.default (remote-exec): [33m
google_compute_instance.default (remote-exec): 0% [11 Packages store 0 B] [7 InRelease[0m
google_compute_instance.default (remote-exec): Get:19 http://archive.ubuntu.com/ubuntu bionic-updates/main Translation-en [251 kB]
[0m[0mgoogle_compute_instance.default (remote-exec): [33m
google_compute_instance.default (remote-exec): 0% [11 Packages store 0 B] [7 InRelease[0m[33m
google_compute_instance.default (remote-exec): 0% [11 Packages store 0 B] [7 InRelease[0m
google_compute_instance.default (remote-exec): Get:20 http://archive.ubuntu.com/ubuntu bionic-updates/restricted amd64 Packages [6996 B]
[0m[0mgoogle_compute_instance.default (remote-exec): [33m
google_compute_instance.default (remote-exec): 0% [11 Packages store 0 B] [7 InRelease[0m
[0m[0mgoogle_compute_instance.default (remote-exec): [33m
google_compute_instance.default (remote-exec): 0% [11 Packages store 0 B] [7 InRelease[0m
google_compute_instance.default (remote-exec): Get:21 http://archive.ubuntu.com/ubuntu bionic-updates/restricted Translation-en [3076 B]
[0m[0mgoogle_compute_instance.default (remote-exec): [33m
google_compute_instance.default (remote-exec): 0% [11 Packages store 0 B] [7 InRelease[0m[33m
google_compute_instance.default (remote-exec): 0% [11 Packages store 0 B] [7 InRelease[0m
google_compute_instance.default (remote-exec): Get:22 http://archive.ubuntu.com/ubuntu bionic-updates/universe amd64 Packages [970 kB]
[0m[0mgoogle_compute_instance.default (remote-exec): [33m
google_compute_instance.default (remote-exec): 0% [11 Packages store 0 B] [7 InRelease[0m[33m
google_compute_instance.default (remote-exec): 0% [7 InRelease gpgv 74.6 kB] [22 Packa[0m[33m
google_compute_instance.default (remote-exec): 0% [12 Translation-en store 0 B] [7 InR[0m
[0m[0mgoogle_compute_instance.default (remote-exec): [33m
google_compute_instance.default (remote-exec): 0% [7 InRelease gpgv 74.6 kB] [22 Packa[0m[33m
google_compute_instance.default (remote-exec): 0% [13 Packages store 0 B] [7 InRelease[0m[33m
google_compute_instance.default (remote-exec): 0% [7 InRelease gpgv 74.6 kB] [22 Packa[0m[33m
google_compute_instance.default (remote-exec): 0% [14 Translation-en store 0 B] [7 InR[0m[33m
google_compute_instance.default (remote-exec): 0% [7 InRelease gpgv 74.6 kB] [22 Packa[0m[33m
google_compute_instance.default (remote-exec): 0% [8 Packages store 0 B] [7 InRelease [0m
[0m[0mgoogle_compute_instance.default (remote-exec): [33m
google_compute_instance.default (remote-exec): 0% [8 Packages store 0 B] [7 InRelease [0m
google_compute_instance.default (remote-exec): Get:23 http://archive.ubuntu.com/ubuntu bionic-updates/universe Translation-en [293 kB]
[0m[0mgoogle_compute_instance.default (remote-exec): [33m
google_compute_instance.default (remote-exec): 0% [8 Packages store 0 B] [7 InRelease [0m[33m
google_compute_instance.default (remote-exec): 0% [8 Packages store 0 B] [7 InRelease [0m[33m
google_compute_instance.default (remote-exec): 96% [8 Packages store 0 B][0m
google_compute_instance.default (remote-exec): Get:24 http://archive.ubuntu.com/ubuntu bionic-updates/multiverse amd64 Packages [6640 B]
[0m[0mgoogle_compute_instance.default (remote-exec): [33m
google_compute_instance.default (remote-exec): 96% [8 Packages store 0 B] [24 Packages[0m
[0m[0mgoogle_compute_instance.default (remote-exec): Get:25 http://archive.ubuntu.com/ubuntu bionic-updates/multiverse Translation-en [3556 B]
[0m[0mgoogle_compute_instance.default (remote-exec): [33m
google_compute_instance.default (remote-exec): 96% [8 Packages store 0 B][0m
[0m[1mgoogle_compute_instance.default: Still creating... [1m0s elapsed][0m[0m
[0m[0mgoogle_compute_instance.default (remote-exec): Get:26 http://archive.ubuntu.com/ubuntu bionic-backports/main amd64 Packages [2512 B]
[0m[0mgoogle_compute_instance.default (remote-exec): Get:27 http://archive.ubuntu.com/ubuntu bionic-backports/main Translation-en [1644 B]
[0m[0mgoogle_compute_instance.default (remote-exec): Get:28 http://archive.ubuntu.com/ubuntu bionic-backports/universe amd64 Packages [3736 B]
[0m[0mgoogle_compute_instance.default (remote-exec): Get:29 http://archive.ubuntu.com/ubuntu bionic-backports/universe Translation-en [1696 B]
[0m[0mgoogle_compute_instance.default (remote-exec): [33m
google_compute_instance.default (remote-exec): 96% [8 Packages store 0 B] [29 Translat[0m[33m
google_compute_instance.default (remote-exec): 96% [8 Packages store 0 B][0m
[0m[0mgoogle_compute_instance.default (remote-exec): [33m
google_compute_instance.default (remote-exec): 96% [8 Packages store 0 B][0m
[0m[0mgoogle_compute_instance.default (remote-exec): [33m
google_compute_instance.default (remote-exec): 96% [8 Packages store 0 B][0m
[0m[0mgoogle_compute_instance.default (remote-exec): [33m
google_compute_instance.default (remote-exec): 96% [8 Packages store 0 B][0m
[0m[0mgoogle_compute_instance.default (remote-exec): [33m
google_compute_instance.default (remote-exec): 96% [8 Packages store 0 B][0m
[0m[0mgoogle_compute_instance.default (remote-exec): [33m
google_compute_instance.default (remote-exec): 96% [8 Packages store 0 B][0m
[0m[0mgoogle_compute_instance.default (remote-exec): [33m
google_compute_instance.default (remote-exec): 96% [8 Packages store 0 B][0m
[0m[0mgoogle_compute_instance.default (remote-exec): [33m
google_compute_instance.default (remote-exec): 96% [8 Packages store 0 B][0m
[0m[0mgoogle_compute_instance.default (remote-exec): [33m
google_compute_instance.default (remote-exec): 96% [8 Packages store 0 B]  481 kB/s 0s[0m
[0m[0mgoogle_compute_instance.default (remote-exec): [33m
google_compute_instance.default (remote-exec): 96% [8 Packages store 0 B]  481 kB/s 0s[0m
[0m[0mgoogle_compute_instance.default (remote-exec): [33m
google_compute_instance.default (remote-exec): 96% [8 Packages store 0 B]  481 kB/s 0s[0m
[0m[0mgoogle_compute_instance.default (remote-exec): [33m
google_compute_instance.default (remote-exec): 96% [8 Packages store 0 B]  481 kB/s 0s[0m
[0m[0mgoogle_compute_instance.default (remote-exec): [33m
google_compute_instance.default (remote-exec): 96% [8 Packages store 0 B]  481 kB/s 0s[0m
[0m[0mgoogle_compute_instance.default (remote-exec): [33m
google_compute_instance.default (remote-exec): 96% [8 Packages store 0 B]  481 kB/s 0s[0m
[0m[0mgoogle_compute_instance.default (remote-exec): [33m
google_compute_instance.default (remote-exec): 96% [8 Packages store 0 B]  481 kB/s 0s[0m
[0m[0mgoogle_compute_instance.default (remote-exec): [33m
google_compute_instance.default (remote-exec): 96% [8 Packages store 0 B]  481 kB/s 0s[0m
[0m[0mgoogle_compute_instance.default (remote-exec): [33m
google_compute_instance.default (remote-exec): 96% [8 Packages store 0 B]  481 kB/s 0s[0m
[0m[0mgoogle_compute_instance.default (remote-exec): [33m
google_compute_instance.default (remote-exec): 96% [8 Packages store 0 B]  481 kB/s 0s[0m
[0m[0mgoogle_compute_instance.default (remote-exec): [33m
google_compute_instance.default (remote-exec): 96% [8 Packages store 0 B]  481 kB/s 0s[0m
[0m[0mgoogle_compute_instance.default (remote-exec): [33m
google_compute_instance.default (remote-exec): 96% [8 Packages store 0 B]  481 kB/s 0s[0m
[0m[1mgoogle_compute_instance.default: Still creating... [1m10s elapsed][0m[0m
[0m[0mgoogle_compute_instance.default (remote-exec): [33m
google_compute_instance.default (remote-exec): 96% [8 Packages store 0 B][0m
[0m[0mgoogle_compute_instance.default (remote-exec): [33m
google_compute_instance.default (remote-exec): 96% [8 Packages store 0 B][0m
[0m[0mgoogle_compute_instance.default (remote-exec): [33m
google_compute_instance.default (remote-exec): 96% [8 Packages store 0 B][0m
[0m[0mgoogle_compute_instance.default (remote-exec): [33m
google_compute_instance.default (remote-exec): 97% [Working][0m[33m
google_compute_instance.default (remote-exec): 97% [15 Translation-en store 0 B][0m
[0m[0mgoogle_compute_instance.default (remote-exec): [33m
google_compute_instance.default (remote-exec): 97% [15 Translation-en store 0 B][0m
[0m[0mgoogle_compute_instance.default (remote-exec): [33m
google_compute_instance.default (remote-exec): 97% [15 Translation-en store 0 B][0m
[0m[0mgoogle_compute_instance.default (remote-exec): [33m
google_compute_instance.default (remote-exec): 97% [15 Translation-en store 0 B][0m
[0m[0mgoogle_compute_instance.default (remote-exec): [33m
google_compute_instance.default (remote-exec): 97% [15 Translation-en store 0 B][0m
[0m[0mgoogle_compute_instance.default (remote-exec): [33m
google_compute_instance.default (remote-exec): 97% [15 Translation-en store 0 B][0m
[0m[0mgoogle_compute_instance.default (remote-exec): [33m
google_compute_instance.default (remote-exec): 97% [15 Translation-en store 0 B][0m
[0m[0mgoogle_compute_instance.default (remote-exec): [33m
google_compute_instance.default (remote-exec): 97% [15 Translation-en store 0 B][0m
[0m[0mgoogle_compute_instance.default (remote-exec): [33m
google_compute_instance.default (remote-exec): 97% [15 Translation-en store 0 B][0m
[0m[0mgoogle_compute_instance.default (remote-exec): [33m
google_compute_instance.default (remote-exec): 97% [15 Translation-en store 0 B][0m
[0m[0mgoogle_compute_instance.default (remote-exec): [33m
google_compute_instance.default (remote-exec): 97% [Working][0m[33m
google_compute_instance.default (remote-exec): 97% [16 Packages store 0 B][0m
[0m[0mgoogle_compute_instance.default (remote-exec): [33m
google_compute_instance.default (remote-exec): 97% [Working][0m[33m
google_compute_instance.default (remote-exec): 97% [17 Translation-en store 0 B][0m[33m
google_compute_instance.default (remote-exec): 97% [Working][0m[33m
google_compute_instance.default (remote-exec): 97% [18 Packages store 0 B][0m
[0m[0mgoogle_compute_instance.default (remote-exec): [33m
google_compute_instance.default (remote-exec): 97% [18 Packages store 0 B][0m
[0m[0mgoogle_compute_instance.default (remote-exec): [33m
google_compute_instance.default (remote-exec): 98% [Working][0m[33m
google_compute_instance.default (remote-exec): 98% [19 Translation-en store 0 B][0m
[0m[0mgoogle_compute_instance.default (remote-exec): [33m
google_compute_instance.default (remote-exec): 98% [Working][0m[33m
google_compute_instance.default (remote-exec): 98% [20 Packages store 0 B][0m[33m
google_compute_instance.default (remote-exec): 98% [Working][0m[33m
google_compute_instance.default (remote-exec): 98% [21 Translation-en store 0 B][0m[33m
google_compute_instance.default (remote-exec): 98% [Working][0m
[0m[0mgoogle_compute_instance.default (remote-exec): [33m
google_compute_instance.default (remote-exec): 98% [22 Packages store 0 B][0m
[0m[0mgoogle_compute_instance.default (remote-exec): [33m
google_compute_instance.default (remote-exec): 98% [22 Packages store 0 B][0m
[0m[0mgoogle_compute_instance.default (remote-exec): [33m
google_compute_instance.default (remote-exec): 98% [Working][0m[33m
google_compute_instance.default (remote-exec): 98% [23 Translation-en store 0 B][0m
[0m[0mgoogle_compute_instance.default (remote-exec): [33m
google_compute_instance.default (remote-exec): 99% [Working][0m[33m
google_compute_instance.default (remote-exec): 99% [24 Packages store 0 B][0m[33m
google_compute_instance.default (remote-exec): 99% [Working][0m[33m
google_compute_instance.default (remote-exec): 99% [25 Translation-en store 0 B][0m[33m
google_compute_instance.default (remote-exec): 99% [Working][0m[33m
google_compute_instance.default (remote-exec): 99% [26 Packages store 0 B][0m[33m
google_compute_instance.default (remote-exec): 99% [Working][0m[33m
google_compute_instance.default (remote-exec): 99% [27 Translation-en store 0 B][0m[33m
google_compute_instance.default (remote-exec): 100% [Working][0m[33m
google_compute_instance.default (remote-exec): 100% [28 Packages store 0 B][0m[33m
google_compute_instance.default (remote-exec): 100% [Working][0m[33m
google_compute_instance.default (remote-exec): 100% [29 Translation-en store 0 B][0m[33m
google_compute_instance.default (remote-exec): 100% [Working][0m
google_compute_instance.default (remote-exec): Fetched 17.6 MB in 28s (635 kB/s)
[0m[1mgoogle_compute_instance.default: Still creating... [1m20s elapsed][0m[0m
[0m[0mgoogle_compute_instance.default (remote-exec): Reading package lists... 0%
google_compute_instance.default (remote-exec): Reading package lists... 0%
google_compute_instance.default (remote-exec): Reading package lists... 0%
[0m[0mgoogle_compute_instance.default (remote-exec): Reading package lists... 10%
[0m[0mgoogle_compute_instance.default (remote-exec): Reading package lists... 22%
[0m[0mgoogle_compute_instance.default (remote-exec): Reading package lists... 33%
[0m[0mgoogle_compute_instance.default (remote-exec): Reading package lists... 44%
google_compute_instance.default (remote-exec): Reading package lists... 46%
google_compute_instance.default (remote-exec): Reading package lists... 46%
[0m[0mgoogle_compute_instance.default (remote-exec): Reading package lists... 70%
google_compute_instance.default (remote-exec): Reading package lists... 70%
google_compute_instance.default (remote-exec): Reading package lists... 71%
google_compute_instance.default (remote-exec): Reading package lists... 71%
google_compute_instance.default (remote-exec): Reading package lists... 72%
google_compute_instance.default (remote-exec): Reading package lists... 72%
[0m[0mgoogle_compute_instance.default (remote-exec): Reading package lists... 72%
[0m[0mgoogle_compute_instance.default (remote-exec): Reading package lists... 76%
google_compute_instance.default (remote-exec): Reading package lists... 76%
google_compute_instance.default (remote-exec): Reading package lists... 79%
google_compute_instance.default (remote-exec): Reading package lists... 79%
google_compute_instance.default (remote-exec): Reading package lists... 79%
google_compute_instance.default (remote-exec): Reading package lists... 79%
google_compute_instance.default (remote-exec): Reading package lists... 79%
google_compute_instance.default (remote-exec): Reading package lists... 79%
[0m[0mgoogle_compute_instance.default (remote-exec): Reading package lists... 86%
google_compute_instance.default (remote-exec): Reading package lists... 86%
[0m[0mgoogle_compute_instance.default (remote-exec): Reading package lists... 86%
google_compute_instance.default (remote-exec): Reading package lists... 88%
google_compute_instance.default (remote-exec): Reading package lists... 88%
google_compute_instance.default (remote-exec): Reading package lists... 88%
google_compute_instance.default (remote-exec): Reading package lists... 88%
google_compute_instance.default (remote-exec): Reading package lists... 88%
google_compute_instance.default (remote-exec): Reading package lists... 88%
google_compute_instance.default (remote-exec): Reading package lists... 88%
google_compute_instance.default (remote-exec): Reading package lists... 88%
google_compute_instance.default (remote-exec): Reading package lists... 88%
google_compute_instance.default (remote-exec): Reading package lists... 88%
google_compute_instance.default (remote-exec): Reading package lists... 88%
google_compute_instance.default (remote-exec): Reading package lists... 88%
google_compute_instance.default (remote-exec): Reading package lists... 88%
google_compute_instance.default (remote-exec): Reading package lists... 88%
google_compute_instance.default (remote-exec): Reading package lists... 91%
google_compute_instance.default (remote-exec): Reading package lists... 91%
[0m[0mgoogle_compute_instance.default (remote-exec): Reading package lists... 93%
google_compute_instance.default (remote-exec): Reading package lists... 93%
google_compute_instance.default (remote-exec): Reading package lists... 93%
google_compute_instance.default (remote-exec): Reading package lists... 93%
google_compute_instance.default (remote-exec): Reading package lists... 93%
google_compute_instance.default (remote-exec): Reading package lists... 93%
google_compute_instance.default (remote-exec): Reading package lists... 97%
google_compute_instance.default (remote-exec): Reading package lists... 97%
google_compute_instance.default (remote-exec): Reading package lists... 99%
google_compute_instance.default (remote-exec): Reading package lists... 99%
google_compute_instance.default (remote-exec): Reading package lists... 99%
google_compute_instance.default (remote-exec): Reading package lists... 99%
google_compute_instance.default (remote-exec): Reading package lists... 99%
google_compute_instance.default (remote-exec): Reading package lists... 99%
google_compute_instance.default (remote-exec): Reading package lists... 99%
google_compute_instance.default (remote-exec): Reading package lists... 99%
[0m[0mgoogle_compute_instance.default (remote-exec): Reading package lists... 99%
google_compute_instance.default (remote-exec): Reading package lists... 99%
[0m[0mgoogle_compute_instance.default (remote-exec): Reading package lists... Done
[0m[0mgoogle_compute_instance.default (remote-exec): Building dependency tree... 0%
google_compute_instance.default (remote-exec): Building dependency tree... 0%
google_compute_instance.default (remote-exec): Building dependency tree... 0%
google_compute_instance.default (remote-exec): Building dependency tree... 50%
google_compute_instance.default (remote-exec): Building dependency tree... 50%
[0m[0mgoogle_compute_instance.default (remote-exec): Building dependency tree... 77%
[0m[0mgoogle_compute_instance.default (remote-exec): Building dependency tree
[0m[0mgoogle_compute_instance.default (remote-exec): Reading state information... 0%
google_compute_instance.default (remote-exec): Reading state information... 0%
google_compute_instance.default (remote-exec): Reading state information... Done
[0m[1mgoogle_compute_instance.default: Still creating... [1m30s elapsed][0m[0m
[0m[0mgoogle_compute_instance.default (remote-exec): 31 packages can be upgraded. Run 'apt list --upgradable' to see them.
[0m[0mgoogle_compute_instance.default (remote-exec): Reading package lists... 0%
[0m[0mgoogle_compute_instance.default (remote-exec): Reading package lists... 0%
google_compute_instance.default (remote-exec): Reading package lists... 0%
google_compute_instance.default (remote-exec): Reading package lists... 25%
google_compute_instance.default (remote-exec): Reading package lists... 25%
google_compute_instance.default (remote-exec): Reading package lists... 44%
google_compute_instance.default (remote-exec): Reading package lists... 44%
google_compute_instance.default (remote-exec): Reading package lists... 44%
google_compute_instance.default (remote-exec): Reading package lists... 44%
google_compute_instance.default (remote-exec): Reading package lists... 44%
google_compute_instance.default (remote-exec): Reading package lists... 44%
[0m[0mgoogle_compute_instance.default (remote-exec): Reading package lists... 80%
google_compute_instance.default (remote-exec): Reading package lists... 80%
google_compute_instance.default (remote-exec): Reading package lists... 95%
google_compute_instance.default (remote-exec): Reading package lists... 95%
google_compute_instance.default (remote-exec): Reading package lists... 95%
google_compute_instance.default (remote-exec): Reading package lists... 95%
google_compute_instance.default (remote-exec): Reading package lists... 95%
google_compute_instance.default (remote-exec): Reading package lists... 95%
google_compute_instance.default (remote-exec): Reading package lists... 95%
google_compute_instance.default (remote-exec): Reading package lists... 95%
[0m[0mgoogle_compute_instance.default (remote-exec): Reading package lists... 95%
google_compute_instance.default (remote-exec): Reading package lists... 95%
[0m[0mgoogle_compute_instance.default (remote-exec): Reading package lists... Done
[0m[0mgoogle_compute_instance.default (remote-exec): Building dependency tree... 0%
google_compute_instance.default (remote-exec): Building dependency tree... 0%
google_compute_instance.default (remote-exec): Building dependency tree... 0%
google_compute_instance.default (remote-exec): Building dependency tree... 50%
google_compute_instance.default (remote-exec): Building dependency tree... 50%
google_compute_instance.default (remote-exec): Building dependency tree
[0m[0mgoogle_compute_instance.default (remote-exec): Reading state information... 0%
google_compute_instance.default (remote-exec): Reading state information... 0%
google_compute_instance.default (remote-exec): Reading state information... Done
[0m[0mgoogle_compute_instance.default (remote-exec): Calculating upgrade... 0%
[0m[0mgoogle_compute_instance.default (remote-exec): Calculating upgrade... 10%
google_compute_instance.default (remote-exec): Calculating upgrade... Done
[0m[0mgoogle_compute_instance.default (remote-exec): The following packages were automatically installed and are no longer required:
[0m[0mgoogle_compute_instance.default (remote-exec):   grub-pc-bin libnuma1
[0m[0mgoogle_compute_instance.default (remote-exec): Use 'sudo apt autoremove' to remove them.
[0m[0mgoogle_compute_instance.default (remote-exec): The following packages will be upgraded:
[0m[0mgoogle_compute_instance.default (remote-exec):   apport bzip2 libbz2-1.0 libglib2.0-0
[0m[0mgoogle_compute_instance.default (remote-exec):   libglib2.0-data python3-apport
[0m[0mgoogle_compute_instance.default (remote-exec):   python3-problem-report tzdata
[0m[0mgoogle_compute_instance.default (remote-exec): 8 upgraded, 0 newly installed, 0 to remove and 0 not upgraded.
[0m[0mgoogle_compute_instance.default (remote-exec): Need to get 1644 kB of archives.
[0m[0mgoogle_compute_instance.default (remote-exec): After this operation, 10.2 kB of additional disk space will be used.
[0m[0mgoogle_compute_instance.default (remote-exec): [33m
google_compute_instance.default (remote-exec): 0% [Working][0m
google_compute_instance.default (remote-exec): Get:1 http://security.ubuntu.com/ubuntu bionic-security/main amd64 bzip2 amd64 1.0.6-8.1ubuntu0.2 [33.9 kB]
[0m[0mgoogle_compute_instance.default (remote-exec): [33m
google_compute_instance.default (remote-exec): 0% [1 bzip2 0 B/33.9 kB 0%][0m
[0m[0mgoogle_compute_instance.default (remote-exec): [33m
google_compute_instance.default (remote-exec): 4% [Working][0m
google_compute_instance.default (remote-exec): Get:2 http://security.ubuntu.com/ubuntu bionic-security/main amd64 libbz2-1.0 amd64 1.0.6-8.1ubuntu0.2 [31.2 kB]
[0m[0mgoogle_compute_instance.default (remote-exec): [33m
google_compute_instance.default (remote-exec): 4% [2 libbz2-1.0 0 B/31.2 kB 0%][0m[33m
google_compute_instance.default (remote-exec): 8% [Working][0m
google_compute_instance.default (remote-exec): Get:3 http://security.ubuntu.com/ubuntu bionic-security/main amd64 libglib2.0-0 amd64 2.56.4-0ubuntu0.18.04.4 [1169 kB]
[0m[0mgoogle_compute_instance.default (remote-exec): [33m
google_compute_instance.default (remote-exec): 8% [3 libglib2.0-0 0 B/1169 kB 0%][0m[33m
google_compute_instance.default (remote-exec): 68% [Working][0m
google_compute_instance.default (remote-exec): Get:4 http://security.ubuntu.com/ubuntu bionic-security/main amd64 libglib2.0-data all 2.56.4-0ubuntu0.18.04.4 [4496 B]
[0m[0mgoogle_compute_instance.default (remote-exec): [33m
google_compute_instance.default (remote-exec): 68% [4 libglib2.0-data 0 B/4496 B 0%][0m[33m
google_compute_instance.default (remote-exec): 70% [Working][0m
google_compute_instance.default (remote-exec): Get:5 http://security.ubuntu.com/ubuntu bionic-security/main amd64 tzdata all 2019b-0ubuntu0.18.04 [190 kB]
[0m[0mgoogle_compute_instance.default (remote-exec): [33m
google_compute_instance.default (remote-exec): 70% [5 tzdata 0 B/190 kB 0%][0m[33m
google_compute_instance.default (remote-exec): 82% [Working][0m
google_compute_instance.default (remote-exec): Get:6 http://security.ubuntu.com/ubuntu bionic-security/main amd64 python3-problem-report all 2.20.9-0ubuntu7.7 [10.1 kB]
[0m[0mgoogle_compute_instance.default (remote-exec): [33m
google_compute_instance.default (remote-exec): 82% [6 python3-problem-report 0 B/10.1 [0m[33m
google_compute_instance.default (remote-exec): 85% [Working][0m
google_compute_instance.default (remote-exec): Get:7 http://security.ubuntu.com/ubuntu bionic-security/main amd64 python3-apport all 2.20.9-0ubuntu7.7 [81.7 kB]
[0m[0mgoogle_compute_instance.default (remote-exec): [33m
google_compute_instance.default (remote-exec): 85% [7 python3-apport 0 B/81.7 kB 0%][0m[33m
google_compute_instance.default (remote-exec): 91% [Working][0m
google_compute_instance.default (remote-exec): Get:8 http://security.ubuntu.com/ubuntu bionic-security/main amd64 apport all 2.20.9-0ubuntu7.7 [124 kB]
[0m[0mgoogle_compute_instance.default (remote-exec): [33m
google_compute_instance.default (remote-exec): 91% [8 apport 0 B/124 kB 0%][0m[33m
google_compute_instance.default (remote-exec): 100% [Working][0m
google_compute_instance.default (remote-exec): Fetched 1644 kB in 0s (6384 kB/s)
[0m[0mgoogle_compute_instance.default (remote-exec): Preconfiguring packages ...
[0m[0m
[0m[0mgoogle_compute_instance.default (remote-exec): 7[0;79r8[1A
[0m[0mgoogle_compute_instance.default (remote-exec): (Reading database ...
google_compute_instance.default (remote-exec): (Reading database ... 5%
google_compute_instance.default (remote-exec): (Reading database ... 10%
google_compute_instance.default (remote-exec): (Reading database ... 15%
google_compute_instance.default (remote-exec): (Reading database ... 20%
google_compute_instance.default (remote-exec): (Reading database ... 25%
google_compute_instance.default (remote-exec): (Reading database ... 30%
google_compute_instance.default (remote-exec): (Reading database ... 35%
google_compute_instance.default (remote-exec): (Reading database ... 40%
google_compute_instance.default (remote-exec): (Reading database ... 45%
google_compute_instance.default (remote-exec): (Reading database ... 50%
google_compute_instance.default (remote-exec): (Reading database ... 55%
google_compute_instance.default (remote-exec): (Reading database ... 60%
google_compute_instance.default (remote-exec): (Reading database ... 65%
google_compute_instance.default (remote-exec): (Reading database ... 70%
google_compute_instance.default (remote-exec): (Reading database ... 75%
google_compute_instance.default (remote-exec): (Reading database ... 80%
google_compute_instance.default (remote-exec): (Reading database ... 85%
google_compute_instance.default (remote-exec): (Reading database ... 90%
google_compute_instance.default (remote-exec): (Reading database ... 95%
[0m[0mgoogle_compute_instance.default (remote-exec): (Reading database ... 100%
google_compute_instance.default (remote-exec): (Reading database ... 60321 files and directories currently installed.)
[0m[0mgoogle_compute_instance.default (remote-exec): Preparing to unpack .../bzip2_1.0.6-8.1ubuntu0.2_amd64.deb ...
[0m[0mgoogle_compute_instance.default (remote-exec): 7[80;0f[42m[30mProgress: [  0%][49m[39m [..................] 87[80;0f[42m[30mProgress: [  2%][49m[39m [..................] 8Unpacking bzip2 (1.0.6-8.1ubuntu0.2) over (1.0.6-8.1ubuntu0.1) ...
[0m[0mgoogle_compute_instance.default (remote-exec): 7[80;0f[42m[30mProgress: [  5%][49m[39m [..................] 87[80;0f[42m[30mProgress: [  7%][49m[39m [#.................] 8Preparing to unpack .../libbz2-1.0_1.0.6-8.1ubuntu0.2_amd64.deb ...
[0m[0mgoogle_compute_instance.default (remote-exec): 7[80;0f[42m[30mProgress: [ 10%][49m[39m [#.................] 8Unpacking libbz2-1.0:amd64 (1.0.6-8.1ubuntu0.2) over (1.0.6-8.1ubuntu0.1) ...
[0m[0mgoogle_compute_instance.default (remote-exec): 7[80;0f[42m[30mProgress: [ 12%][49m[39m [##................] 87[80;0f[42m[30mProgress: [ 15%][49m[39m [##................] 8
[0m[0mgoogle_compute_instance.default (remote-exec): Setting up libbz2-1.0:amd64 (1.0.6-8.1ubuntu0.2) ...
[0m[0mgoogle_compute_instance.default (remote-exec): 7[80;0f[42m[30mProgress: [ 17%][49m[39m [###...............] 87[80;0f[42m[30mProgress: [ 20%][49m[39m [###...............] 8
[0m[0mgoogle_compute_instance.default (remote-exec): (Reading database ...
google_compute_instance.default (remote-exec): (Reading database ... 5%
google_compute_instance.default (remote-exec): (Reading database ... 10%
google_compute_instance.default (remote-exec): (Reading database ... 15%
google_compute_instance.default (remote-exec): (Reading database ... 20%
google_compute_instance.default (remote-exec): (Reading database ... 25%
google_compute_instance.default (remote-exec): (Reading database ... 30%
google_compute_instance.default (remote-exec): (Reading database ... 35%
google_compute_instance.default (remote-exec): (Reading database ... 40%
google_compute_instance.default (remote-exec): (Reading database ... 45%
google_compute_instance.default (remote-exec): (Reading database ... 50%
google_compute_instance.default (remote-exec): (Reading database ... 55%
google_compute_instance.default (remote-exec): (Reading database ... 60%
google_compute_instance.default (remote-exec): (Reading database ... 65%
google_compute_instance.default (remote-exec): (Reading database ... 70%
google_compute_instance.default (remote-exec): (Reading database ... 75%
google_compute_instance.default (remote-exec): (Reading database ... 80%
google_compute_instance.default (remote-exec): (Reading database ... 85%
google_compute_instance.default (remote-exec): (Reading database ... 90%
google_compute_instance.default (remote-exec): (Reading database ... 95%
google_compute_instance.default (remote-exec): (Reading database ... 100%
google_compute_instance.default (remote-exec): (Reading database ... 60321 files and directories currently installed.)
[0m[0mgoogle_compute_instance.default (remote-exec): Preparing to unpack .../0-libglib2.0-0_2.56.4-0ubuntu0.18.04.4_amd64.deb ...
[0m[0mgoogle_compute_instance.default (remote-exec): 7[80;0f[42m[30mProgress: [ 22%][49m[39m [###...............] 8Unpacking libglib2.0-0:amd64 (2.56.4-0ubuntu0.18.04.4) over (2.56.4-0ubuntu0.18.04.3) ...
[0m[0mgoogle_compute_instance.default (remote-exec): 7[80;0f[42m[30mProgress: [ 24%][49m[39m [####..............] 87[80;0f[42m[30mProgress: [ 27%][49m[39m [####..............] 8
[0m[0mgoogle_compute_instance.default (remote-exec): Preparing to unpack .../1-libglib2.0-data_2.56.4-0ubuntu0.18.04.4_all.deb ...
[0m[0mgoogle_compute_instance.default (remote-exec): 7[80;0f[42m[30mProgress: [ 29%][49m[39m [#####.............] 8Unpacking libglib2.0-data (2.56.4-0ubuntu0.18.04.4) over (2.56.4-0ubuntu0.18.04.3) ...
[0m[0mgoogle_compute_instance.default (remote-exec): 7[80;0f[42m[30mProgress: [ 32%][49m[39m [#####.............] 87[80;0f[42m[30mProgress: [ 34%][49m[39m [######............] 8
[0m[0mgoogle_compute_instance.default (remote-exec): Preparing to unpack .../2-tzdata_2019b-0ubuntu0.18.04_all.deb ...
[0m[0mgoogle_compute_instance.default (remote-exec): 7[80;0f[42m[30mProgress: [ 37%][49m[39m [######............] 8Unpacking tzdata (2019b-0ubuntu0.18.04) over (2019a-0ubuntu0.18.04) ...
[0m[0mgoogle_compute_instance.default (remote-exec): 7[80;0f[42m[30mProgress: [ 39%][49m[39m [#######...........] 87[80;0f[42m[30mProgress: [ 41%][49m[39m [#######...........] 8
[0m[0mgoogle_compute_instance.default (remote-exec): Preparing to unpack .../3-python3-problem-report_2.20.9-0ubuntu7.7_all.deb ...
[0m[0mgoogle_compute_instance.default (remote-exec): 7[80;0f[42m[30mProgress: [ 44%][49m[39m [#######...........] 8Unpacking python3-problem-report (2.20.9-0ubuntu7.7) over (2.20.9-0ubuntu7.6) ...
[0m[0mgoogle_compute_instance.default (remote-exec): 7[80;0f[42m[30mProgress: [ 46%][49m[39m [########..........] 87[80;0f[42m[30mProgress: [ 49%][49m[39m [########..........] 8
[0m[0mgoogle_compute_instance.default (remote-exec): Preparing to unpack .../4-python3-apport_2.20.9-0ubuntu7.7_all.deb ...
[0m[1mgoogle_compute_instance.default: Still creating... [1m40s elapsed][0m[0m
[0m[0mgoogle_compute_instance.default (remote-exec): 7[80;0f[42m[30mProgress: [ 51%][49m[39m [#########.........] 8Unpacking python3-apport (2.20.9-0ubuntu7.7) over (2.20.9-0ubuntu7.6) ...
[0m[0mgoogle_compute_instance.default (remote-exec): 7[80;0f[42m[30mProgress: [ 54%][49m[39m [#########.........] 87[80;0f[42m[30mProgress: [ 56%][49m[39m [##########........] 8Preparing to unpack .../5-apport_2.20.9-0ubuntu7.7_all.deb ...
[0m[0mgoogle_compute_instance.default (remote-exec): 7[80;0f[42m[30mProgress: [ 59%][49m[39m [##########........] 8Unpacking apport (2.20.9-0ubuntu7.7) over (2.20.9-0ubuntu7.6) ...
[0m[0mgoogle_compute_instance.default (remote-exec): 7[80;0f[42m[30mProgress: [ 61%][49m[39m [##########........] 87[80;0f[42m[30mProgress: [ 63%][49m[39m [###########.......] 8
[0m[0mgoogle_compute_instance.default (remote-exec): Processing triggers for ureadahead (0.100.0-21) ...
[0m[0mgoogle_compute_instance.default (remote-exec): Setting up tzdata (2019b-0ubuntu0.18.04) ...
[0m[0mgoogle_compute_instance.default (remote-exec): 7[80;0f[42m[30mProgress: [ 66%][49m[39m [###########.......] 8
[0m[0m
[0m[0mgoogle_compute_instance.default (remote-exec): Current default time zone: 'Etc/UTC'
[0m[0mgoogle_compute_instance.default (remote-exec): Local time is now:      Thu Jul 11 12:11:29 UTC 2019.
[0m[0mgoogle_compute_instance.default (remote-exec): Universal Time is now:  Thu Jul 11 12:11:29 UTC 2019.
[0m[0mgoogle_compute_instance.default (remote-exec): Run 'dpkg-reconfigure tzdata' if you wish to change it.
[0m[0m
[0m[0mgoogle_compute_instance.default (remote-exec): 7[80;0f[42m[30mProgress: [ 68%][49m[39m [############......] 8Setting up libglib2.0-0:amd64 (2.56.4-0ubuntu0.18.04.4) ...
[0m[0mgoogle_compute_instance.default (remote-exec): 7[80;0f[42m[30mProgress: [ 71%][49m[39m [############......] 8No schema files found: doing nothing.
[0m[0mgoogle_compute_instance.default (remote-exec): 7[80;0f[42m[30mProgress: [ 73%][49m[39m [#############.....] 8Setting up bzip2 (1.0.6-8.1ubuntu0.2) ...
[0m[0mgoogle_compute_instance.default (remote-exec): 7[80;0f[42m[30mProgress: [ 76%][49m[39m [#############.....] 87[80;0f[42m[30mProgress: [ 78%][49m[39m [##############....] 8Setting up python3-problem-report (2.20.9-0ubuntu7.7) ...
[0m[0mgoogle_compute_instance.default (remote-exec): 7[80;0f[42m[30mProgress: [ 80%][49m[39m [##############....] 8
[0m[0mgoogle_compute_instance.default (remote-exec): 7[80;0f[42m[30mProgress: [ 83%][49m[39m [##############....] 8Setting up libglib2.0-data (2.56.4-0ubuntu0.18.04.4) ...
[0m[0mgoogle_compute_instance.default (remote-exec): 7[80;0f[42m[30mProgress: [ 85%][49m[39m [###############...] 87[80;0f[42m[30mProgress: [ 88%][49m[39m [###############...] 8Processing triggers for libc-bin (2.27-3ubuntu1) ...
[0m[0mgoogle_compute_instance.default (remote-exec): Processing triggers for systemd (237-3ubuntu10.23) ...
[0m[0mgoogle_compute_instance.default (remote-exec): Processing triggers for man-db (2.8.3-2ubuntu0.1) ...
[0m[1mgoogle_compute_instance.default: Still creating... [1m50s elapsed][0m[0m
[0m[0mgoogle_compute_instance.default (remote-exec): Setting up python3-apport (2.20.9-0ubuntu7.7) ...
[0m[0mgoogle_compute_instance.default (remote-exec): 7[80;0f[42m[30mProgress: [ 90%][49m[39m [################..] 8
[0m[0mgoogle_compute_instance.default (remote-exec): 7[80;0f[42m[30mProgress: [ 93%][49m[39m [################..] 8Setting up apport (2.20.9-0ubuntu7.7) ...
[0m[0mgoogle_compute_instance.default (remote-exec): 7[80;0f[42m[30mProgress: [ 95%][49m[39m [#################.] 8
[0m[0mgoogle_compute_instance.default (remote-exec): apport-autoreport.service is a disabled or a static unit, not starting it.
[0m[0mgoogle_compute_instance.default (remote-exec): 7[80;0f[42m[30mProgress: [ 98%][49m[39m [#################.] 8
[0m[0m
[0m[0mgoogle_compute_instance.default (remote-exec): 7[0;80r8[1A[J
[0m[0mgoogle_compute_instance.default (remote-exec): Reading package lists... 0%
[0m[0mgoogle_compute_instance.default (remote-exec): Reading package lists... 100%
google_compute_instance.default (remote-exec): Reading package lists... Done
[0m[0mgoogle_compute_instance.default (remote-exec): Building dependency tree... 0%
google_compute_instance.default (remote-exec): Building dependency tree... 0%
google_compute_instance.default (remote-exec): Building dependency tree... 50%
google_compute_instance.default (remote-exec): Building dependency tree... 50%
google_compute_instance.default (remote-exec): Building dependency tree
[0m[0mgoogle_compute_instance.default (remote-exec): Reading state information... 0%
google_compute_instance.default (remote-exec): Reading state information... 0%
google_compute_instance.default (remote-exec): Reading state information... Done
[0m[0mgoogle_compute_instance.default (remote-exec): wget is already the newest version (1.19.4-1ubuntu2.2).
[0m[0mgoogle_compute_instance.default (remote-exec): wget set to manually installed.
[0m[0mgoogle_compute_instance.default (remote-exec): The following packages were automatically installed and are no longer required:
[0m[0mgoogle_compute_instance.default (remote-exec):   grub-pc-bin libnuma1
[0m[0mgoogle_compute_instance.default (remote-exec): Use 'sudo apt autoremove' to remove them.
[0m[1mgoogle_compute_instance.default: Still creating... [2m0s elapsed][0m[0m
[0m[0mgoogle_compute_instance.default (remote-exec): 0 upgraded, 0 newly installed, 0 to remove and 0 not upgraded.
[0m[1mgoogle_compute_instance.default: Provisioning with 'remote-exec'...[0m[0m
[0m[0mgoogle_compute_instance.default (remote-exec): Connecting to remote host via SSH...
google_compute_instance.default (remote-exec):   Host: 35.189.104.95
google_compute_instance.default (remote-exec):   User: johnny_peckover
google_compute_instance.default (remote-exec):   Password: false
google_compute_instance.default (remote-exec):   Private key: true
google_compute_instance.default (remote-exec):   Certificate: false
google_compute_instance.default (remote-exec):   SSH Agent: true
google_compute_instance.default (remote-exec):   Checking Host Key: false
[0m[0mgoogle_compute_instance.default (remote-exec): Connected!
[0m[1mgoogle_compute_instance.default: Creation complete after 2m4s [id=pool-manager-vm][0m[0m
[0m[1m[32m
Apply complete! Resources: 2 added, 0 changed, 0 destroyed.[0m
