{
  "version": 4,
  "terraform_version": "0.12.3",
  "serial": 140,
  "lineage": "87a3d15a-2768-3f05-1b6a-898e10081934",
  "outputs": {},
  "resources": [
    {
      "mode": "managed",
      "type": "google_compute_firewall",
      "name": "default",
      "provider": "provider.google",
      "instances": [
        {
          "schema_version": 1,
          "attributes": {
            "allow": [
              {
                "ports": [
                  "22"
                ],
                "protocol": "tcp"
              },
              {
                "ports": [
                  "4200"
                ],
                "protocol": "tcp"
              },
              {
                "ports": [
                  "8080"
                ],
                "protocol": "tcp"
              },
              {
                "ports": [],
                "protocol": "icmp"
              }
            ],
            "creation_timestamp": "2019-07-12T07:30:44.591-07:00",
            "deny": [],
            "description": "",
            "destination_ranges": [],
            "direction": "INGRESS",
            "disabled": false,
            "id": "mongodb-firewall",
            "name": "mongodb-firewall",
            "network": "https://www.googleapis.com/compute/v1/projects/terraform-mean-app-1562834068/global/networks/default",
            "priority": 1000,
            "project": "terraform-mean-app-1562834068",
            "self_link": "https://www.googleapis.com/compute/v1/projects/terraform-mean-app-1562834068/global/firewalls/mongodb-firewall",
            "source_ranges": [
              "0.0.0.0/0"
            ],
            "source_service_accounts": null,
            "source_tags": null,
            "target_service_accounts": null,
            "target_tags": [
              "mongodb"
            ],
            "timeouts": null
          },
          "private": "eyJlMmJmYjczMC1lY2FhLTExZTYtOGY4OC0zNDM2M2JjN2M0YzAiOnsiY3JlYXRlIjoyNDAwMDAwMDAwMDAsImRlbGV0ZSI6MjQwMDAwMDAwMDAwLCJ1cGRhdGUiOjI0MDAwMDAwMDAwMH0sInNjaGVtYV92ZXJzaW9uIjoiMSJ9"
        }
      ]
    },
    {
      "mode": "managed",
      "type": "google_compute_instance",
      "name": "database",
      "provider": "provider.google",
      "instances": [
        {
          "status": "tainted",
          "schema_version": 6,
          "attributes": {
            "allow_stopping_for_update": null,
            "attached_disk": [],
            "boot_disk": [
              {
                "auto_delete": true,
                "device_name": "persistent-disk-0",
                "disk_encryption_key_raw": "",
                "disk_encryption_key_sha256": "",
                "initialize_params": [
                  {
                    "image": "https://www.googleapis.com/compute/v1/projects/ubuntu-os-cloud/global/images/ubuntu-1804-bionic-v20190628",
                    "size": 10,
                    "type": "pd-standard"
                  }
                ],
                "kms_key_self_link": "",
                "source": "https://www.googleapis.com/compute/v1/projects/terraform-mean-app-1562834068/zones/europe-west2-c/disks/mongodb-database"
              }
            ],
            "can_ip_forward": false,
            "cpu_platform": "Intel Broadwell",
            "deletion_protection": false,
            "description": null,
            "disk": [],
            "guest_accelerator": [],
            "hostname": "",
            "id": "mongodb-database",
            "instance_id": "3744043515207034746",
            "label_fingerprint": "42WmSpB8rSM=",
            "labels": null,
            "machine_type": "f1-micro",
            "metadata": {
              "sshKeys": "terraform:ssh-rsa AAAAB3NzaC1yc2EAAAADAQABAAABAQDD0rQPMeX4C4srlBkSkKNC/iN6WC1jb9IJAld4Q5eqWQb+LFiK/rhsFShBHwsE45/WtZD5TC8Fx2VWlaSP7xnMc5WC/aGgBqY3O9xOjmGdHY+86ZUHLBj+3Xmu7o01on0ZY59naODk1N9GkOfgqA3A0wIGixpz5XSLVWZxR4e+sYyBBBlxakw4W9sFD4Du1yXK4MuyJ/yqylnUXFq/Cuo8VHYWkWy+SK05iaUGMQh4FI15m6X+TnHEwi9a7aFRhSmds66EuULwnXDcOb1LaD2DwkAvN9RctL9dC08tkhII8DXm8Ur8XrGx8PP34xTeFOxtCRl44yGhKJ9MvlNPULcj johnny@johnny-VB\n"
            },
            "metadata_fingerprint": "pUQDAdzFRVI=",
            "metadata_startup_script": "",
            "min_cpu_platform": "",
            "name": "mongodb-database",
            "network_interface": [
              {
                "access_config": [
                  {
                    "assigned_nat_ip": "",
                    "nat_ip": "35.230.137.32",
                    "network_tier": "PREMIUM",
                    "public_ptr_domain_name": ""
                  }
                ],
                "address": "",
                "alias_ip_range": [],
                "name": "nic0",
                "network": "https://www.googleapis.com/compute/v1/projects/terraform-mean-app-1562834068/global/networks/default",
                "network_ip": "10.154.15.197",
                "subnetwork": "https://www.googleapis.com/compute/v1/projects/terraform-mean-app-1562834068/regions/europe-west2/subnetworks/default",
                "subnetwork_project": "terraform-mean-app-1562834068"
              }
            ],
            "project": "terraform-mean-app-1562834068",
            "scheduling": [
              {
                "automatic_restart": true,
                "node_affinities": [],
                "on_host_maintenance": "MIGRATE",
                "preemptible": false
              }
            ],
            "scratch_disk": [],
            "self_link": "https://www.googleapis.com/compute/v1/projects/terraform-mean-app-1562834068/zones/europe-west2-c/instances/mongodb-database",
            "service_account": [],
            "shielded_instance_config": [],
            "tags": [
              "mongodb"
            ],
            "tags_fingerprint": "unDUUT8-8-A=",
            "timeouts": null,
            "zone": "europe-west2-c"
          },
          "private": "eyJlMmJmYjczMC1lY2FhLTExZTYtOGY4OC0zNDM2M2JjN2M0YzAiOnsiY3JlYXRlIjoxMjAwMDAwMDAwMDAwLCJkZWxldGUiOjEyMDAwMDAwMDAwMDAsInVwZGF0ZSI6MTIwMDAwMDAwMDAwMH0sInNjaGVtYV92ZXJzaW9uIjoiNiJ9"
        }
      ]
    }
  ]
}
